lockfileVersion: 1
policies:
  auto:
    key_strategy: agent_trace
    tiers:
      economy: "bitrouter:deepseek/deepseek-v4-pro"
      strong: "openai-codex:gpt-5.6-sol"
    routes:
      "agent_trace/v1|edit|normal": economy
      "agent_trace/v1|test|normal": economy
      "agent_trace/v1|tool_followup|normal": economy
    default_tier: strong
    tool_use_tier: strong
    tool_safe_tiers:
      - strong
      - economy
    adequacy:
      escalation_tier: strong
      escalation_threshold: 1
      pin_cooldown_secs: 0
      explore_tier: economy
      explore_interval: 1
      explore_threshold: 1
      min_semantic_successes_for_lock: 1
      explore_opening: false
      min_semantic_successes_for_opening: 1
