lockfileVersion: 3
artifact:
  evidence_root: "sha256:9375c4b893238f413c8a094e3b6121972240674fcc8063b55e7e85f1844171c6"
  source_snapshot_time_unix_ms: 0
  compiler:
    id: bitrouter-template-compiler
    version: 2
    config_digest: "sha256:97064a1403ab8e126d739913a3e70036f5d378b51fe3b6d29cb1d7fd322e200d"
policies:
  auto:
    key_strategy: agent_trace
    tiers:
      balanced: "bitrouter:moonshotai/kimi-k3"
      economy: "bitrouter:deepseek/deepseek-v4-pro"
      strong: "openai-codex:gpt-5.6-sol"
    routes:
      "agent_route/v1|unknown|orchestrate|normal": strong
      "agent_route/v1|unknown|orchestrate|context": strong
      "agent_route/v1|unknown|orchestrate|guarded": strong
      "agent_route/v1|unknown|implement|normal": balanced
      "agent_route/v1|unknown|implement|context": balanced
      "agent_route/v1|unknown|implement|guarded": balanced
      "agent_route/v1|unknown|mechanical|normal": economy
      "agent_route/v1|unknown|mechanical|context": balanced
      "agent_route/v1|unknown|mechanical|guarded": strong
      "agent_route/v1|unknown|verify|normal": economy
      "agent_route/v1|unknown|verify|context": balanced
      "agent_route/v1|unknown|verify|guarded": strong
      "agent_route/v1|unknown|finalize|normal": balanced
      "agent_route/v1|unknown|finalize|context": balanced
      "agent_route/v1|unknown|finalize|guarded": strong
      "agent_route/v1|agent:web_research|mechanical|normal": balanced
      "agent_route/v1|code:debugging|implement|guarded": strong
      "agent_route/v1|code:review|verify|normal": strong
    default_tier: balanced
    tool_use_tier: strong
    tool_safe_tiers:
      - strong
      - balanced
      - economy
    progress_guard:
      escalation_tier: strong
      protected_tiers:
        - strong
        - balanced
      max_consecutive_unprotected: 3
      max_same_projection_unprotected: 3
      max_recovery_count: 1
      max_episode_requests: 24
      max_episode_elapsed_ms: 1800000
      hold_for_requests: 2
      incomplete_history: escalate
    predictor:
      algorithm: deterministic_scorecard
      version: 1
      config_digest: "sha256:7039bc16f3ac2e306d7855a193aee8bb4cd4395a92a58a09768d60d628f70f37"
      confidence_kind: heuristic_margin
    adequacy:
      escalation_tier: strong
      escalation_threshold: 1
      pin_cooldown_secs: 0
      explore_tier: economy
      explore_interval: 1
      explore_threshold: 1
      min_semantic_successes_for_lock: 1
      explore_opening: false
      min_semantic_successes_for_opening: 1
certificates:
  auto:
    "agent_route/v1|unknown|orchestrate|normal":
      owner: compiler
      selected_tier: strong
      baseline_tier: strong
      source: mixed
      eligible_episodes: 0
      independent_tasks: 0
      critical_violations: 0
      verdict: experiment
      compiler_config_digest: "sha256:97064a1403ab8e126d739913a3e70036f5d378b51fe3b6d29cb1d7fd322e200d"
      evidence_digest: "sha256:f6b1973a4feef01ba176dec996bb7c4a4ba564098d2ff755849240971f8fb912"
    "agent_route/v1|unknown|orchestrate|context":
      owner: compiler
      selected_tier: strong
      baseline_tier: strong
      source: mixed
      eligible_episodes: 0
      independent_tasks: 0
      critical_violations: 0
      verdict: experiment
      compiler_config_digest: "sha256:97064a1403ab8e126d739913a3e70036f5d378b51fe3b6d29cb1d7fd322e200d"
      evidence_digest: "sha256:ad99c9a48867bc6c6546442bfd5dd7124e13de2593e9a45a0e0b8c3949428983"
    "agent_route/v1|unknown|orchestrate|guarded":
      owner: compiler
      selected_tier: strong
      baseline_tier: strong
      source: mixed
      eligible_episodes: 0
      independent_tasks: 0
      critical_violations: 0
      verdict: experiment
      compiler_config_digest: "sha256:97064a1403ab8e126d739913a3e70036f5d378b51fe3b6d29cb1d7fd322e200d"
      evidence_digest: "sha256:4419c5ec80ea37e7ae3b55e44dfd12b5049bbbabd8b9a69c6e35e532e49406dc"
    "agent_route/v1|unknown|implement|normal":
      owner: compiler
      selected_tier: balanced
      baseline_tier: strong
      source: mixed
      eligible_episodes: 0
      independent_tasks: 0
      critical_violations: 0
      verdict: experiment
      compiler_config_digest: "sha256:97064a1403ab8e126d739913a3e70036f5d378b51fe3b6d29cb1d7fd322e200d"
      evidence_digest: "sha256:aab23e2db96d311334dd475443897641f9be2595bec6a3b28094750f37ffb835"
    "agent_route/v1|unknown|implement|context":
      owner: compiler
      selected_tier: balanced
      baseline_tier: strong
      source: mixed
      eligible_episodes: 0
      independent_tasks: 0
      critical_violations: 0
      verdict: experiment
      compiler_config_digest: "sha256:97064a1403ab8e126d739913a3e70036f5d378b51fe3b6d29cb1d7fd322e200d"
      evidence_digest: "sha256:902d573348b30333af2133745540fce281a63116fa5eb1ede4d49907a6298067"
    "agent_route/v1|unknown|implement|guarded":
      owner: compiler
      selected_tier: balanced
      baseline_tier: strong
      source: mixed
      eligible_episodes: 0
      independent_tasks: 0
      critical_violations: 0
      verdict: experiment
      compiler_config_digest: "sha256:97064a1403ab8e126d739913a3e70036f5d378b51fe3b6d29cb1d7fd322e200d"
      evidence_digest: "sha256:bbbac8ec07030f790c4bb0a88cebe3cb9860b939f2ea6448b35dcf4f861d3503"
    "agent_route/v1|unknown|mechanical|normal":
      owner: compiler
      selected_tier: economy
      baseline_tier: strong
      source: mixed
      eligible_episodes: 0
      independent_tasks: 0
      critical_violations: 0
      verdict: experiment
      compiler_config_digest: "sha256:97064a1403ab8e126d739913a3e70036f5d378b51fe3b6d29cb1d7fd322e200d"
      evidence_digest: "sha256:24171ecafdd13e81723de3f32c24c9b7d075ab13f45e22f5037039ff45482f15"
    "agent_route/v1|unknown|mechanical|context":
      owner: compiler
      selected_tier: balanced
      baseline_tier: strong
      source: mixed
      eligible_episodes: 0
      independent_tasks: 0
      critical_violations: 0
      verdict: experiment
      compiler_config_digest: "sha256:97064a1403ab8e126d739913a3e70036f5d378b51fe3b6d29cb1d7fd322e200d"
      evidence_digest: "sha256:26c1f224ee0ecb7a36bb10531c775fbbc34c7c52d7a80a97f44f9b5cb2b25f28"
    "agent_route/v1|unknown|mechanical|guarded":
      owner: compiler
      selected_tier: strong
      baseline_tier: strong
      source: mixed
      eligible_episodes: 0
      independent_tasks: 0
      critical_violations: 0
      verdict: experiment
      compiler_config_digest: "sha256:97064a1403ab8e126d739913a3e70036f5d378b51fe3b6d29cb1d7fd322e200d"
      evidence_digest: "sha256:81da3d3ba3fd318ab16b6f74cc9ff28dfb5b49f157594f44b4d82c0162a3ee85"
    "agent_route/v1|unknown|verify|normal":
      owner: compiler
      selected_tier: economy
      baseline_tier: strong
      source: mixed
      eligible_episodes: 0
      independent_tasks: 0
      critical_violations: 0
      verdict: experiment
      compiler_config_digest: "sha256:97064a1403ab8e126d739913a3e70036f5d378b51fe3b6d29cb1d7fd322e200d"
      evidence_digest: "sha256:dde13f0918181f95edb9657a4383e609f9665193387682eacb1dc947ae99f8d0"
    "agent_route/v1|unknown|verify|context":
      owner: compiler
      selected_tier: balanced
      baseline_tier: strong
      source: mixed
      eligible_episodes: 0
      independent_tasks: 0
      critical_violations: 0
      verdict: experiment
      compiler_config_digest: "sha256:97064a1403ab8e126d739913a3e70036f5d378b51fe3b6d29cb1d7fd322e200d"
      evidence_digest: "sha256:df21301870cfc84d565ba0ec234ee52e9380dc7feb8f7a4c9e42dd6340f64ec5"
    "agent_route/v1|unknown|verify|guarded":
      owner: compiler
      selected_tier: strong
      baseline_tier: strong
      source: mixed
      eligible_episodes: 0
      independent_tasks: 0
      critical_violations: 0
      verdict: experiment
      compiler_config_digest: "sha256:97064a1403ab8e126d739913a3e70036f5d378b51fe3b6d29cb1d7fd322e200d"
      evidence_digest: "sha256:8a5a0fdc678ce0744f233cc329b1944e1d065f826a0996b83f52091feea4e18e"
    "agent_route/v1|unknown|finalize|normal":
      owner: compiler
      selected_tier: balanced
      baseline_tier: strong
      source: mixed
      eligible_episodes: 0
      independent_tasks: 0
      critical_violations: 0
      verdict: experiment
      compiler_config_digest: "sha256:97064a1403ab8e126d739913a3e70036f5d378b51fe3b6d29cb1d7fd322e200d"
      evidence_digest: "sha256:cdf80bcd26adf365417cf3352f640cfedcb4944da721084e2d2534648d6c1a7d"
    "agent_route/v1|unknown|finalize|context":
      owner: compiler
      selected_tier: balanced
      baseline_tier: strong
      source: mixed
      eligible_episodes: 0
      independent_tasks: 0
      critical_violations: 0
      verdict: experiment
      compiler_config_digest: "sha256:97064a1403ab8e126d739913a3e70036f5d378b51fe3b6d29cb1d7fd322e200d"
      evidence_digest: "sha256:04369944cc4edcff0277f2cec5cfd3e11120a64ecc73064ddc8650c5803c151b"
    "agent_route/v1|unknown|finalize|guarded":
      owner: compiler
      selected_tier: strong
      baseline_tier: strong
      source: mixed
      eligible_episodes: 0
      independent_tasks: 0
      critical_violations: 0
      verdict: experiment
      compiler_config_digest: "sha256:97064a1403ab8e126d739913a3e70036f5d378b51fe3b6d29cb1d7fd322e200d"
      evidence_digest: "sha256:ad3befdaf7cf987c72b570e5ac0069ddcd6f365eab540155b42dd9eb9b4ad9bd"
    "agent_route/v1|agent:web_research|mechanical|normal":
      owner: compiler
      selected_tier: balanced
      baseline_tier: economy
      source: mixed
      eligible_episodes: 0
      independent_tasks: 0
      critical_violations: 0
      verdict: experiment
      compiler_config_digest: "sha256:97064a1403ab8e126d739913a3e70036f5d378b51fe3b6d29cb1d7fd322e200d"
      evidence_digest: "sha256:28a8d556b82ead8b12024a2a99e0426bfb55624ac2eafcf25fd3426eab331dc0"
    "agent_route/v1|code:debugging|implement|guarded":
      owner: compiler
      selected_tier: strong
      baseline_tier: balanced
      source: mixed
      eligible_episodes: 0
      independent_tasks: 0
      critical_violations: 0
      verdict: experiment
      compiler_config_digest: "sha256:97064a1403ab8e126d739913a3e70036f5d378b51fe3b6d29cb1d7fd322e200d"
      evidence_digest: "sha256:fc848ffb640d3f2c5154bd61a4b1546f19168e5aeecf0ae9f9489b0f6aceeb38"
    "agent_route/v1|code:review|verify|normal":
      owner: compiler
      selected_tier: strong
      baseline_tier: economy
      source: mixed
      eligible_episodes: 0
      independent_tasks: 0
      critical_violations: 0
      verdict: experiment
      compiler_config_digest: "sha256:97064a1403ab8e126d739913a3e70036f5d378b51fe3b6d29cb1d7fd322e200d"
      evidence_digest: "sha256:646508a9ea3ee85615de32713c802fc5a445dfececdb0b50d5b2fdf31bd40f07"
